
Microsoft Visual Studio Solution File, Format Version 12.00
# Visual Studio Version 16
VisualStudioVersion = 16.0.31112.23
MinimumVisualStudioVersion = 10.0.40219.1
Project("{FAE04EC0-301F-11D3-BF4B-00C04F79EFBC}") = "ProjetoEscola", "ProjetoEscola\ProjetoEscola.csproj", "{4B8F11A3-FD13-4A5F-A1A6-A90CD4E9F485}"
EndProject
Global
	GlobalSection(SolutionConfigurationPlatforms) = preSolution
		Debug|Any CPU = Debug|Any CPU
		Release|Any CPU = Release|Any CPU
	EndGlobalSection
	GlobalSection(ProjectConfigurationPlatforms) = postSolution
		{4B8F11A3-FD13-4A5F-A1A6-A90CD4E9F485}.Debug|Any CPU.ActiveCfg = Debug|Any CPU
		{4B8F11A3-FD13-4A5F-A1A6-A90CD4E9F485}.Debug|Any CPU.Build.0 = Debug|Any CPU
		{4B8F11A3-FD13-4A5F-A1A6-A90CD4E9F485}.Release|Any CPU.ActiveCfg = Release|Any CPU
		{4B8F11A3-FD13-4A5F-A1A6-A90CD4E9F485}.Release|Any CPU.Build.0 = Release|Any CPU
	EndGlobalSection
	GlobalSection(SolutionProperties) = preSolution
		HideSolutionNode = FALSE
	EndGlobalSection
	GlobalSection(ExtensibilityGlobals) = postSolution
		SolutionGuid = {C018A464-57B8-4E78-9222-F2880AC004A2}
	EndGlobalSection
EndGlobal
